{
  "name": "syncrjs",
  "version": "1.0.0",
  "lockfileVersion": 3,
  "requires": true,
  "packages": {
    "": {
      "name": "syncrjs",
      "version": "1.0.0",
      "license": "ISC",
      "dependencies": {
        "flickr-sdk": "^7.0.0-beta.7"
      }
    },
    "node_modules/@rgrove/parse-xml": {
      "version": "4.1.0",
      "resolved": "https://registry.npmjs.org/@rgrove/parse-xml/-/parse-xml-4.1.0.tgz",
      "integrity": "sha512-pBiltENdy8SfI0AeR1e5TRpS9/9Gl0eiOEt6ful2jQfzsgvZYWqsKiBWaOCLdocQuk0wS7KOHI37n0C1pnKqTw==",
      "license": "ISC",
      "engines": {
        "node": ">=14.0.0"
      }
    },
    "node_modules/flickr-sdk": {
      "version": "7.0.0-beta.7",
      "resolved": "https://registry.npmjs.org/flickr-sdk/-/flickr-sdk-7.0.0-beta.7.tgz",
      "integrity": "sha512-ILmQuRSioeFht0vAhQUBfuLaHVxxmI4b9H1/GVuvj7u8kDc7Wkfb3b118Mt8L1joS0fQeAhDRb8irzxNUymtng==",
      "license": "MIT",
      "dependencies": {
        "@rgrove/parse-xml": "^4.1.0"
      },
      "engines": {
        "node": ">= 18"
      }
    }
  }
}
